
Microsoft Visual Studio Solution File, Format Version 12.00
# Visual Studio Version 16
VisualStudioVersion = 16.0.31515.178
MinimumVisualStudioVersion = 10.0.40219.1
Project("{FAE04EC0-301F-11D3-BF4B-00C04F79EFBC}") = "SerializationExample", "SerializationExample\SerializationExample.csproj", "{A6A25CBD-8055-4A0D-A1AD-B2720F383B32}"
EndProject
Project("{FAE04EC0-301F-11D3-BF4B-00C04F79EFBC}") = "ServerClientExample", "ServerClientExample\ServerClientExample.csproj", "{41462DB5-E9CB-4732-A088-D08E42430E8F}"
EndProject
Project("{FAE04EC0-301F-11D3-BF4B-00C04F79EFBC}") = "ReflectionExample", "ReflectionExample\ReflectionExample.csproj", "{E3E15445-06F0-4086-89EA-11FDCD02F6F6}"
EndProject
Project("{FAE04EC0-301F-11D3-BF4B-00C04F79EFBC}") = "ExternalLibrary", "ExternalLibrary\ExternalLibrary.csproj", "{00AFE1F6-23E7-4724-9E87-8633254B1477}"
EndProject
Global
	GlobalSection(SolutionConfigurationPlatforms) = preSolution
		Debug|Any CPU = Debug|Any CPU
		Release|Any CPU = Release|Any CPU
	EndGlobalSection
	GlobalSection(ProjectConfigurationPlatforms) = postSolution
		{A6A25CBD-8055-4A0D-A1AD-B2720F383B32}.Debug|Any CPU.ActiveCfg = Debug|Any CPU
		{A6A25CBD-8055-4A0D-A1AD-B2720F383B32}.Debug|Any CPU.Build.0 = Debug|Any CPU
		{A6A25CBD-8055-4A0D-A1AD-B2720F383B32}.Release|Any CPU.ActiveCfg = Release|Any CPU
		{A6A25CBD-8055-4A0D-A1AD-B2720F383B32}.Release|Any CPU.Build.0 = Release|Any CPU
		{41462DB5-E9CB-4732-A088-D08E42430E8F}.Debug|Any CPU.ActiveCfg = Debug|Any CPU
		{41462DB5-E9CB-4732-A088-D08E42430E8F}.Debug|Any CPU.Build.0 = Debug|Any CPU
		{41462DB5-E9CB-4732-A088-D08E42430E8F}.Release|Any CPU.ActiveCfg = Release|Any CPU
		{41462DB5-E9CB-4732-A088-D08E42430E8F}.Release|Any CPU.Build.0 = Release|Any CPU
		{E3E15445-06F0-4086-89EA-11FDCD02F6F6}.Debug|Any CPU.ActiveCfg = Debug|Any CPU
		{E3E15445-06F0-4086-89EA-11FDCD02F6F6}.Debug|Any CPU.Build.0 = Debug|Any CPU
		{E3E15445-06F0-4086-89EA-11FDCD02F6F6}.Release|Any CPU.ActiveCfg = Release|Any CPU
		{E3E15445-06F0-4086-89EA-11FDCD02F6F6}.Release|Any CPU.Build.0 = Release|Any CPU
		{00AFE1F6-23E7-4724-9E87-8633254B1477}.Debug|Any CPU.ActiveCfg = Debug|Any CPU
		{00AFE1F6-23E7-4724-9E87-8633254B1477}.Debug|Any CPU.Build.0 = Debug|Any CPU
		{00AFE1F6-23E7-4724-9E87-8633254B1477}.Release|Any CPU.ActiveCfg = Release|Any CPU
		{00AFE1F6-23E7-4724-9E87-8633254B1477}.Release|Any CPU.Build.0 = Release|Any CPU
	EndGlobalSection
	GlobalSection(SolutionProperties) = preSolution
		HideSolutionNode = FALSE
	EndGlobalSection
	GlobalSection(ExtensibilityGlobals) = postSolution
		SolutionGuid = {983BF7B1-29C5-4C70-95E5-3CF5676B46CD}
	EndGlobalSection
EndGlobal
